// !$*UTF8*$!
{
	archiveVersion = 1;
	classes = {
	};
	objectVersion = 55;
	objects = {

/* Begin PBXBuildFile section */
		590B036F28F6833C008BE961 /* main.c in Sources */ = {isa = PBXBuildFile; fileRef = 590B036E28F6833C008BE961 /* main.c */; };
		590B037A28F68383008BE961 /* chunk.c in Sources */ = {isa = PBXBuildFile; fileRef = 590B037928F68383008BE961 /* chunk.c */; };
		590B037E28F683C6008BE961 /* debug.c in Sources */ = {isa = PBXBuildFile; fileRef = 590B037D28F683C6008BE961 /* debug.c */; };
		590B038228F68400008BE961 /* memory.c in Sources */ = {isa = PBXBuildFile; fileRef = 590B038128F68400008BE961 /* memory.c */; };
		590B038828F68728008BE961 /* value.c in Sources */ = {isa = PBXBuildFile; fileRef = 590B038728F68728008BE961 /* value.c */; };
		59947DDD28F917DD00C4346E /* vm.c in Sources */ = {isa = PBXBuildFile; fileRef = 59947DDC28F917DD00C4346E /* vm.c */; };
/* End PBXBuildFile section */

/* Begin PBXCopyFilesBuildPhase section */
		590B036928F6833C008BE961 /* CopyFiles */ = {
			isa = PBXCopyFilesBuildPhase;
			buildActionMask = 2147483647;
			dstPath = /usr/share/man/man1/;
			dstSubfolderSpec = 0;
			files = (
			);
			runOnlyForDeploymentPostprocessing = 1;
		};
/* End PBXCopyFilesBuildPhase section */

/* Begin PBXFileReference section */
		590B036B28F6833C008BE961 /* clox */ = {isa = PBXFileReference; explicitFileType = "compiled.mach-o.executable"; includeInIndex = 0; path = clox; sourceTree = BUILT_PRODUCTS_DIR; };
		590B036E28F6833C008BE961 /* main.c */ = {isa = PBXFileReference; lastKnownFileType = sourcecode.c.c; path = main.c; sourceTree = "<group>"; };
		590B037828F68383008BE961 /* chunk.h */ = {isa = PBXFileReference; lastKnownFileType = sourcecode.c.h; path = chunk.h; sourceTree = "<group>"; };
		590B037928F68383008BE961 /* chunk.c */ = {isa = PBXFileReference; lastKnownFileType = sourcecode.c.c; path = chunk.c; sourceTree = "<group>"; };
		590B037C28F683C6008BE961 /* debug.h */ = {isa = PBXFileReference; lastKnownFileType = sourcecode.c.h; path = debug.h; sourceTree = "<group>"; };
		590B037D28F683C6008BE961 /* debug.c */ = {isa = PBXFileReference; lastKnownFileType = sourcecode.c.c; path = debug.c; sourceTree = "<group>"; };
		590B037F28F683ED008BE961 /* common.h */ = {isa = PBXFileReference; lastKnownFileType = sourcecode.c.h; path = common.h; sourceTree = "<group>"; };
		590B038028F68400008BE961 /* memory.h */ = {isa = PBXFileReference; lastKnownFileType = sourcecode.c.h; path = memory.h; sourceTree = "<group>"; };
		590B038128F68400008BE961 /* memory.c */ = {isa = PBXFileReference; lastKnownFileType = sourcecode.c.c; path = memory.c; sourceTree = "<group>"; };
		590B038628F68728008BE961 /* value.h */ = {isa = PBXFileReference; lastKnownFileType = sourcecode.c.h; path = value.h; sourceTree = "<group>"; };
		590B038728F68728008BE961 /* value.c */ = {isa = PBXFileReference; lastKnownFileType = sourcecode.c.c; path = value.c; sourceTree = "<group>"; };
		59947DDB28F917DD00C4346E /* vm.h */ = {isa = PBXFileReference; lastKnownFileType = sourcecode.c.h; path = vm.h; sourceTree = "<group>"; };
		59947DDC28F917DD00C4346E /* vm.c */ = {isa = PBXFileReference; lastKnownFileType = sourcecode.c.c; path = vm.c; sourceTree = "<group>"; };
/* End PBXFileReference section */

/* Begin PBXFrameworksBuildPhase section */
		590B036828F6833C008BE961 /* Frameworks */ = {
			isa = PBXFrameworksBuildPhase;
			buildActionMask = 2147483647;
			files = (
			);
			runOnlyForDeploymentPostprocessing = 0;
		};
/* End PBXFrameworksBuildPhase section */

/* Begin PBXGroup section */
		590B036228F6833C008BE961 = {
			isa = PBXGroup;
			children = (
				590B036D28F6833C008BE961 /* clox */,
				590B036C28F6833C008BE961 /* Products */,
			);
			sourceTree = "<group>";
		};
		590B036C28F6833C008BE961 /* Products */ = {
			isa = PBXGroup;
			children = (
				590B036B28F6833C008BE961 /* clox */,
			);
			name = Products;
			sourceTree = "<group>";
		};
		590B036D28F6833C008BE961 /* clox */ = {
			isa = PBXGroup;
			children = (
				590B036E28F6833C008BE961 /* main.c */,
				590B037828F68383008BE961 /* chunk.h */,
				590B037928F68383008BE961 /* chunk.c */,
				590B037C28F683C6008BE961 /* debug.h */,
				590B037D28F683C6008BE961 /* debug.c */,
				59947DDB28F917DD00C4346E /* vm.h */,
				59947DDC28F917DD00C4346E /* vm.c */,
				590B038628F68728008BE961 /* value.h */,
				590B038728F68728008BE961 /* value.c */,
				590B037F28F683ED008BE961 /* common.h */,
				590B038028F68400008BE961 /* memory.h */,
				590B038128F68400008BE961 /* memory.c */,
			);
			path = clox;
			sourceTree = "<group>";
		};
/* End PBXGroup section */

/* Begin PBXNativeTarget section */
		590B036A28F6833C008BE961 /* clox */ = {
			isa = PBXNativeTarget;
			buildConfigurationList = 590B037228F6833C008BE961 /* Build configuration list for PBXNativeTarget "clox" */;
			buildPhases = (
				590B036728F6833C008BE961 /* Sources */,
				590B036828F6833C008BE961 /* Frameworks */,
				590B036928F6833C008BE961 /* CopyFiles */,
			);
			buildRules = (
			);
			dependencies = (
			);
			name = clox;
			productName = clox;
			productReference = 590B036B28F6833C008BE961 /* clox */;
			productType = "com.apple.product-type.tool";
		};
/* End PBXNativeTarget section */

/* Begin PBXProject section */
		590B036328F6833C008BE961 /* Project object */ = {
			isa = PBXProject;
			attributes = {
				BuildIndependentTargetsInParallel = 1;
				LastUpgradeCheck = 1340;
				TargetAttributes = {
					590B036A28F6833C008BE961 = {
						CreatedOnToolsVersion = 13.4.1;
					};
				};
			};
			buildConfigurationList = 590B036628F6833C008BE961 /* Build configuration list for PBXProject "clox" */;
			compatibilityVersion = "Xcode 13.0";
			developmentRegion = en;
			hasScannedForEncodings = 0;
			knownRegions = (
				en,
				Base,
			);
			mainGroup = 590B036228F6833C008BE961;
			productRefGroup = 590B036C28F6833C008BE961 /* Products */;
			projectDirPath = "";
			projectRoot = "";
			targets = (
				590B036A28F6833C008BE961 /* clox */,
			);
		};
/* End PBXProject section */

/* Begin PBXSourcesBuildPhase section */
		590B036728F6833C008BE961 /* Sources */ = {
			isa = PBXSourcesBuildPhase;
			buildActionMask = 2147483647;
			files = (
				590B038828F68728008BE961 /* value.c in Sources */,
				590B037E28F683C6008BE961 /* debug.c in Sources */,
				590B036F28F6833C008BE961 /* main.c in Sources */,
				590B038228F68400008BE961 /* memory.c in Sources */,
				59947DDD28F917DD00C4346E /* vm.c in Sources */,
				590B037A28F68383008BE961 /* chunk.c in Sources */,
			);
			runOnlyForDeploymentPostprocessing = 0;
		};
/* End PBXSourcesBuildPhase section */

/* Begin XCBuildConfiguration section */
		590B037028F6833C008BE961 /* Debug */ = {
			isa = XCBuildConfiguration;
			buildSettings = {
				ALWAYS_SEARCH_USER_PATHS = NO;
				CLANG_ANALYZER_NONNULL = YES;
				CLANG_ANALYZER_NUMBER_OBJECT_CONVERSION = YES_AGGRESSIVE;
				CLANG_CXX_LANGUAGE_STANDARD = "gnu++17";
				CLANG_ENABLE_MODULES = YES;
				CLANG_ENABLE_OBJC_ARC = YES;
				CLANG_ENABLE_OBJC_WEAK = YES;
				CLANG_WARN_BLOCK_CAPTURE_AUTORELEASING = YES;
				CLANG_WARN_BOOL_CONVERSION = YES;
				CLANG_WARN_COMMA = YES;
				CLANG_WARN_CONSTANT_CONVERSION = YES;
				CLANG_WARN_DEPRECATED_OBJC_IMPLEMENTATIONS = YES;
				CLANG_WARN_DIRECT_OBJC_ISA_USAGE = YES_ERROR;
				CLANG_WARN_DOCUMENTATION_COMMENTS = YES;
				CLANG_WARN_EMPTY_BODY = YES;
				CLANG_WARN_ENUM_CONVERSION = YES;
				CLANG_WARN_INFINITE_RECURSION = YES;
				CLANG_WARN_INT_CONVERSION = YES;
				CLANG_WARN_NON_LITERAL_NULL_CONVERSION = YES;
				CLANG_WARN_OBJC_IMPLICIT_RETAIN_SELF = YES;
				CLANG_WARN_OBJC_LITERAL_CONVERSION = YES;
				CLANG_WARN_OBJC_ROOT_CLASS = YES_ERROR;
				CLANG_WARN_QUOTED_INCLUDE_IN_FRAMEWORK_HEADER = YES;
				CLANG_WARN_RANGE_LOOP_ANALYSIS = YES;
				CLANG_WARN_STRICT_PROTOTYPES = YES;
				CLANG_WARN_SUSPICIOUS_MOVE = YES;
				CLANG_WARN_UNGUARDED_AVAILABILITY = YES_AGGRESSIVE;
				CLANG_WARN_UNREACHABLE_CODE = YES;
				CLANG_WARN__DUPLICATE_METHOD_MATCH = YES;
				COPY_PHASE_STRIP = NO;
				DEBUG_INFORMATION_FORMAT = dwarf;
				ENABLE_STRICT_OBJC_MSGSEND = YES;
				ENABLE_TESTABILITY = YES;
				GCC_C_LANGUAGE_STANDARD = gnu11;
				GCC_DYNAMIC_NO_PIC = NO;
				GCC_NO_COMMON_BLOCKS = YES;
				GCC_OPTIMIZATION_LEVEL = 0;
				GCC_PREPROCESSOR_DEFINITIONS = (
					"DEBUG=1",
					"$(inherited)",
				);
				GCC_WARN_64_TO_32_BIT_CONVERSION = YES;
				GCC_WARN_ABOUT_RETURN_TYPE = YES_ERROR;
				GCC_WARN_UNDECLARED_SELECTOR = YES;
				GCC_WARN_UNINITIALIZED_AUTOS = YES_AGGRESSIVE;
				GCC_WARN_UNUSED_FUNCTION = YES;
				GCC_WARN_UNUSED_VARIABLE = YES;
				MACOSX_DEPLOYMENT_TARGET = 12.3;
				MTL_ENABLE_DEBUG_INFO = INCLUDE_SOURCE;
				MTL_FAST_MATH = YES;
				ONLY_ACTIVE_ARCH = YES;
				SDKROOT = macosx;
			};
			name = Debug;
		};
		590B037128F6833C008BE961 /* Release */ = {
			isa = XCBuildConfiguration;
			buildSettings = {
				ALWAYS_SEARCH_USER_PATHS = NO;
				CLANG_ANALYZER_NONNULL = YES;
				CLANG_ANALYZER_NUMBER_OBJECT_CONVERSION = YES_AGGRESSIVE;
				CLANG_CXX_LANGUAGE_STANDARD = "gnu++17";
				CLANG_ENABLE_MODULES = YES;
				CLANG_ENABLE_OBJC_ARC = YES;
				CLANG_ENABLE_OBJC_WEAK = YES;
				CLANG_WARN_BLOCK_CAPTURE_AUTORELEASING = YES;
				CLANG_WARN_BOOL_CONVERSION = YES;
				CLANG_WARN_COMMA = YES;
				CLANG_WARN_CONSTANT_CONVERSION = YES;
				CLANG_WARN_DEPRECATED_OBJC_IMPLEMENTATIONS = YES;
				CLANG_WARN_DIRECT_OBJC_ISA_USAGE = YES_ERROR;
				CLANG_WARN_DOCUMENTATION_COMMENTS = YES;
				CLANG_WARN_EMPTY_BODY = YES;
				CLANG_WARN_ENUM_CONVERSION = YES;
				CLANG_WARN_INFINITE_RECURSION = YES;
				CLANG_WARN_INT_CONVERSION = YES;
				CLANG_WARN_NON_LITERAL_NULL_CONVERSION = YES;
				CLANG_WARN_OBJC_IMPLICIT_RETAIN_SELF = YES;
				CLANG_WARN_OBJC_LITERAL_CONVERSION = YES;
				CLANG_WARN_OBJC_ROOT_CLASS = YES_ERROR;
				CLANG_WARN_QUOTED_INCLUDE_IN_FRAMEWORK_HEADER = YES;
				CLANG_WARN_RANGE_LOOP_ANALYSIS = YES;
				CLANG_WARN_STRICT_PROTOTYPES = YES;
				CLANG_WARN_SUSPICIOUS_MOVE = YES;
				CLANG_WARN_UNGUARDED_AVAILABILITY = YES_AGGRESSIVE;
				CLANG_WARN_UNREACHABLE_CODE = YES;
				CLANG_WARN__DUPLICATE_METHOD_MATCH = YES;
				COPY_PHASE_STRIP = NO;
				DEBUG_INFORMATION_FORMAT = "dwarf-with-dsym";
				ENABLE_NS_ASSERTIONS = NO;
				ENABLE_STRICT_OBJC_MSGSEND = YES;
				GCC_C_LANGUAGE_STANDARD = gnu11;
				GCC_NO_COMMON_BLOCKS = YES;
				GCC_WARN_64_TO_32_BIT_CONVERSION = YES;
				GCC_WARN_ABOUT_RETURN_TYPE = YES_ERROR;
				GCC_WARN_UNDECLARED_SELECTOR = YES;
				GCC_WARN_UNINITIALIZED_AUTOS = YES_AGGRESSIVE;
				GCC_WARN_UNUSED_FUNCTION = YES;
				GCC_WARN_UNUSED_VARIABLE = YES;
				MACOSX_DEPLOYMENT_TARGET = 12.3;
				MTL_ENABLE_DEBUG_INFO = NO;
				MTL_FAST_MATH = YES;
				SDKROOT = macosx;
			};
			name = Release;
		};
		590B037328F6833C008BE961 /* Debug */ = {
			isa = XCBuildConfiguration;
			buildSettings = {
				CODE_SIGN_STYLE = Automatic;
				PRODUCT_NAME = "$(TARGET_NAME)";
			};
			name = Debug;
		};
		590B037428F6833C008BE961 /* Release */ = {
			isa = XCBuildConfiguration;
			buildSettings = {
				CODE_SIGN_STYLE = Automatic;
				PRODUCT_NAME = "$(TARGET_NAME)";
			};
			name = Release;
		};
/* End XCBuildConfiguration section */

/* Begin XCConfigurationList section */
		590B036628F6833C008BE961 /* Build configuration list for PBXProject "clox" */ = {
			isa = XCConfigurationList;
			buildConfigurations = (
				590B037028F6833C008BE961 /* Debug */,
				590B037128F6833C008BE961 /* Release */,
			);
			defaultConfigurationIsVisible = 0;
			defaultConfigurationName = Release;
		};
		590B037228F6833C008BE961 /* Build configuration list for PBXNativeTarget "clox" */ = {
			isa = XCConfigurationList;
			buildConfigurations = (
				590B037328F6833C008BE961 /* Debug */,
				590B037428F6833C008BE961 /* Release */,
			);
			defaultConfigurationIsVisible = 0;
			defaultConfigurationName = Release;
		};
/* End XCConfigurationList section */
	};
	rootObject = 590B036328F6833C008BE961 /* Project object */;
}
